Microsoft Visual Studio Solution File, Format Version 12.00
# Visual Studio Version 18
VisualStudioVersion = 18.10.12224.181 stable
MinimumVisualStudioVersion = 10.0.40219.1
Project("{FAE04EC0-301F-11D3-BF4B-00C04F79EFBC}") = "Roundify", "Roundify.csproj", "{3B8C2255-1A8A-4AA7-82C2-4DB1EAB0D8D6}"
EndProject
Global
	GlobalSection(SolutionConfigurationPlatforms) = preSolution
		Debug|x64 = Debug|x64
		Release|x64 = Release|x64
	EndGlobalSection
	GlobalSection(ProjectConfigurationPlatforms) = postSolution
		{3B8C2255-1A8A-4AA7-82C2-4DB1EAB0D8D6}.Debug|x64.ActiveCfg = Debug|x64
		{3B8C2255-1A8A-4AA7-82C2-4DB1EAB0D8D6}.Debug|x64.Build.0 = Debug|x64
		{3B8C2255-1A8A-4AA7-82C2-4DB1EAB0D8D6}.Release|x64.ActiveCfg = Release|x64
		{3B8C2255-1A8A-4AA7-82C2-4DB1EAB0D8D6}.Release|x64.Build.0 = Release|x64
	EndGlobalSection
	GlobalSection(SolutionProperties) = preSolution
		HideSolutionNode = FALSE
	EndGlobalSection
EndGlobal
